<?xml version="1.0" encoding="utf-8"?>
<Project ToolsVersion="4.0" xmlns="http://schemas.microsoft.com/developer/msbuild/2003">
  <ItemGroup>
    <ClCompile Include="src\core\Components\ProgressBar.cpp" />
    <ClCompile Include="src\core\Components\ButtonComponent.cpp" />
    <ClCompile Include="src\core\Components\TextComponent.cpp" />
    <ClCompile Include="src\core\Managers\InputHandler.cpp" />
    <ClCompile Include="src\core\Managers\Resources\PlayerShapeRegistry.cpp" />
    <ClCompile Include="src\core\UIState\GameStateUI.cpp" />
    <ClCompile Include="src\core\Managers\Resources\FontRegistry.cpp" />
    <ClCompile Include="src\core\GraphicBoard.cpp" />
    <ClCompile Include="src\core\Managers\PlayerManager.cpp" />
    <ClCompile Include="src\core\Player.cpp" />
    <ClCompile Include="src\core\PlayerPieceShape.cpp" />
    <ClCompile Include="src\ClientMain.cpp" />
    <ClCompile Include="src\core\ClientApp.cpp" />
    <ClCompile Include="src\core\StateMachine\AppStates\EndState.cpp" />
    <ClCompile Include="src\core\StateMachine\AppStates\GameState.cpp" />
    <ClCompile Include="src\core\StateMachine\AppStates\HistoryState.cpp" />
    <ClCompile Include="src\core\StateMachine\AppStates\MenuState.cpp" />
    <ClCompile Include="src\core\StateMachine\AppStates\SelectState.cpp" />
    <ClCompile Include="src\core\StateMachine\StateMachine.cpp" />
    <ClCompile Include="src\core\Managers\ScoreManager.cpp" />
    <ClCompile Include="src\core\Window.cpp" />
    <ClCompile Include="src\pch.cpp" />
    <ClCompile Include="src\tcp-ip\TcpIpClient.cpp" />
    <ClCompile Include="src\core\Managers\UIStateManager.cpp" />
  </ItemGroup>
  <ItemGroup>
    <ClInclude Include="src\core\Components\ProgressBar.h" />
    <ClInclude Include="src\core\Components\BaseComponent.h" />
    <ClInclude Include="src\core\Components\ButtonComponent.h" />
    <ClInclude Include="src\core\Components\TextComponent.h" />
    <ClInclude Include="src\core\Managers\InputHandler.h" />
    <ClInclude Include="src\core\Managers\Resources\PlayerShapeRegistry.h" />
    <ClInclude Include="src\core\UIState\GameStateUI.h" />
    <ClInclude Include="src\core\Managers\Resources\FontRegistry.h" />
    <ClInclude Include="src\core\GraphicBoard.h" />
    <ClInclude Include="src\core\Managers\IManager.h" />
    <ClInclude Include="src\core\Managers\PlayerManager.h" />
    <ClInclude Include="src\core\Player.h" />
    <ClInclude Include="src\core\PlayerPieceShape.h" />
    <ClInclude Include="src\core\ClientApp.h" />
    <ClInclude Include="src\core\CoreDefinitions.h" />
    <ClInclude Include="src\core\StateMachine\AppStates\EndState.h" />
    <ClInclude Include="src\core\StateMachine\AppStates\GameState.h" />
    <ClInclude Include="src\core\StateMachine\AppStates\HistoryState.h" />
    <ClInclude Include="src\core\StateMachine\AppStates\MenuState.h" />
    <ClInclude Include="src\core\StateMachine\AppStates\SelectState.h" />
    <ClInclude Include="src\core\StateMachine\State.h" />
    <ClInclude Include="src\core\StateMachine\StateMachine.h" />
    <ClInclude Include="src\core\Managers\ScoreManager.h" />
    <ClInclude Include="src\core\Window.h" />
    <ClInclude Include="src\pch.h" />
    <ClInclude Include="src\core\Managers\UIStateManager.h" />
    <ClInclude Include="src\tcp-ip\TcpIpClient.h" />
  </ItemGroup>
  <ItemGroup>
    <Font Include="resources\fonts\bold-font.ttf" />
  </ItemGroup>
</Project>