<?xml version="1.0" encoding="utf-8"?>
<Project ToolsVersion="4.0" xmlns="http://schemas.microsoft.com/developer/msbuild/2003">
  <ItemGroup>
    <ClCompile Include="game\GameMode.cpp" />
    <ClCompile Include="game\IDGenerator.cpp" />
    <ClCompile Include="game\Lobby.cpp" />
    <ClCompile Include="game\TicTacToe.cpp" />
    <ClCompile Include="tcp-ip\TcpIp.cpp" />
    <ClCompile Include="tcp-ip\TcpIpExceptions.cpp" />
  </ItemGroup>
  <ItemGroup>
    <ClInclude Include="game\GameMode.h" />
    <ClInclude Include="game\IDGenerator.h" />
    <ClInclude Include="game\Lobby.h" />
    <ClInclude Include="game\TicTacToe.h" />
    <ClInclude Include="tcp-ip\ISerializable.h" />
    <ClInclude Include="tcp-ip\json.hpp" />
    <ClInclude Include="tcp-ip\TcpIp.h" />
    <ClInclude Include="threading\Shared.h" />
    <ClInclude Include="threading\Thread.h" />
    <ClInclude Include="tcp-ip\Message.h" />
    <ClInclude Include="tcp-ip\ClientMessages.h" />
    <ClInclude Include="tcp-ip\ServerMessages.h" />
  </ItemGroup>
</Project>